# THIS IS AN AUTOGENERATED FILE. DO NOT EDIT THIS FILE DIRECTLY.
# yarn lockfile v1


"@next/env@13.4.9":
  version "13.4.9"
  resolved "https://registry.npmjs.org/@next/env/-/env-13.4.9.tgz"
  integrity sha512-vuDRK05BOKfmoBYLNi2cujG2jrYbEod/ubSSyqgmEx9n/W3eZaJQdRNhTfumO+qmq/QTzLurW487n/PM/fHOkw==

"@next/swc-darwin-arm64@13.4.9":
  version "13.4.9"
  resolved "https://registry.npmjs.org/@next/swc-darwin-arm64/-/swc-darwin-arm64-13.4.9.tgz"
  integrity sha512-TVzGHpZoVBk3iDsTOQA/R6MGmFp0+17SWXMEWd6zG30AfuELmSSMe2SdPqxwXU0gbpWkJL1KgfLzy5ReN0crqQ==

"@next/swc-darwin-x64@13.4.9":
  version "13.4.9"
  resolved "https://registry.yarnpkg.com/@next/swc-darwin-x64/-/swc-darwin-x64-13.4.9.tgz#a08fccdee68201522fe6618ec81f832084b222f8"
  integrity sha512-aSfF1fhv28N2e7vrDZ6zOQ+IIthocfaxuMWGReB5GDriF0caTqtHttAvzOMgJgXQtQx6XhyaJMozLTSEXeNN+A==

"@next/swc-linux-arm64-gnu@13.4.9":
  version "13.4.9"
  resolved "https://registry.yarnpkg.com/@next/swc-linux-arm64-gnu/-/swc-linux-arm64-gnu-13.4.9.tgz#1798c2341bb841e96521433eed00892fb24abbd1"
  integrity sha512-JhKoX5ECzYoTVyIy/7KykeO4Z2lVKq7HGQqvAH+Ip9UFn1MOJkOnkPRB7v4nmzqAoY+Je05Aj5wNABR1N18DMg==

"@next/swc-linux-arm64-musl@13.4.9":
  version "13.4.9"
  resolved "https://registry.yarnpkg.com/@next/swc-linux-arm64-musl/-/swc-linux-arm64-musl-13.4.9.tgz#cee04c51610eddd3638ce2499205083656531ea0"
  integrity sha512-OOn6zZBIVkm/4j5gkPdGn4yqQt+gmXaLaSjRSO434WplV8vo2YaBNbSHaTM9wJpZTHVDYyjzuIYVEzy9/5RVZw==

"@next/swc-linux-x64-gnu@13.4.9":
  version "13.4.9"
  resolved "https://registry.yarnpkg.com/@next/swc-linux-x64-gnu/-/swc-linux-x64-gnu-13.4.9.tgz#1932d0367916adbc6844b244cda1d4182bd11f7a"
  integrity sha512-iA+fJXFPpW0SwGmx/pivVU+2t4zQHNOOAr5T378PfxPHY6JtjV6/0s1vlAJUdIHeVpX98CLp9k5VuKgxiRHUpg==

"@next/swc-linux-x64-musl@13.4.9":
  version "13.4.9"
  resolved "https://registry.yarnpkg.com/@next/swc-linux-x64-musl/-/swc-linux-x64-musl-13.4.9.tgz#a66aa8c1383b16299b72482f6360facd5cde3c7a"
  integrity sha512-rlNf2WUtMM+GAQrZ9gMNdSapkVi3koSW3a+dmBVp42lfugWVvnyzca/xJlN48/7AGx8qu62WyO0ya1ikgOxh6A==

"@next/swc-win32-arm64-msvc@13.4.9":
  version "13.4.9"
  resolved "https://registry.yarnpkg.com/@next/swc-win32-arm64-msvc/-/swc-win32-arm64-msvc-13.4.9.tgz#39482ee856c867177a612a30b6861c75e0736a4a"
  integrity sha512-5T9ybSugXP77nw03vlgKZxD99AFTHaX8eT1ayKYYnGO9nmYhJjRPxcjU5FyYI+TdkQgEpIcH7p/guPLPR0EbKA==

"@next/swc-win32-ia32-msvc@13.4.9":
  version "13.4.9"
  resolved "https://registry.yarnpkg.com/@next/swc-win32-ia32-msvc/-/swc-win32-ia32-msvc-13.4.9.tgz#29db85e34b597ade1a918235d16a760a9213c190"
  integrity sha512-ojZTCt1lP2ucgpoiFgrFj07uq4CZsq4crVXpLGgQfoFq00jPKRPgesuGPaz8lg1yLfvafkU3Jd1i8snKwYR3LA==

"@next/swc-win32-x64-msvc@13.4.9":
  version "13.4.9"
  resolved "https://registry.yarnpkg.com/@next/swc-win32-x64-msvc/-/swc-win32-x64-msvc-13.4.9.tgz#0c2758164cccd61bc5a1c6cd8284fe66173e4a2b"
  integrity sha512-QbT03FXRNdpuL+e9pLnu+XajZdm/TtIXVYY4lA9t+9l0fLZbHXDYEKitAqxrOj37o3Vx5ufxiRAniaIebYDCgw==

"@swc/helpers@0.5.1":
  version "0.5.1"
  resolved "https://registry.npmjs.org/@swc/helpers/-/helpers-0.5.1.tgz"
  integrity sha512-sJ902EfIzn1Fa+qYmjdQqh8tPsoxyBz+8yBKC2HKUxyezKJFwPGOn7pv4WY6QuQW//ySQi5lJjA/ZT9sNWWNTg==
  dependencies:
    tslib "^2.4.0"

autoprefixer@^10.4.16:
  version "10.4.16"
  resolved "https://registry.yarnpkg.com/autoprefixer/-/autoprefixer-10.4.16.tgz#fad1411024d8670880bdece3970aa72e3572feb8"
  integrity sha512-7vd3UC6xKp0HLfua5IjZlcXvGAGy7cBAXTg2lyQ/8WpNhd6SiZ8Be+xm3FyBSYJx5GKcpRCzBh7RH4/0dnY+uQ==
  dependencies:
    browserslist "^4.21.10"
    caniuse-lite "^1.0.30001538"
    fraction.js "^4.3.6"
    normalize-range "^0.1.2"
    picocolors "^1.0.0"
    postcss-value-parser "^4.2.0"

browserslist@^4.21.10:
  version "4.21.11"
  resolved "https://registry.yarnpkg.com/browserslist/-/browserslist-4.21.11.tgz#35f74a3e51adc4d193dcd76ea13858de7b8fecb8"
  integrity sha512-xn1UXOKUz7DjdGlg9RrUr0GGiWzI97UQJnugHtH0OLDfJB7jMgoIkYvRIEO1l9EeEERVqeqLYOcFBW9ldjypbQ==
  dependencies:
    caniuse-lite "^1.0.30001538"
    electron-to-chromium "^1.4.526"
    node-releases "^2.0.13"
    update-browserslist-db "^1.0.13"

busboy@1.6.0:
  version "1.6.0"
  resolved "https://registry.npmjs.org/busboy/-/busboy-1.6.0.tgz"
  integrity sha512-8SFQbg/0hQ9xy3UNTB0YEnsNBbWfhf7RtnzpL7TkBiTBRfrQ9Fxcnz7VJsleJpyp6rVLvXiuORqjlHi5q+PYuA==
  dependencies:
    streamsearch "^1.1.0"

caniuse-lite@^1.0.30001406:
  version "1.0.30001515"
  resolved "https://registry.npmjs.org/caniuse-lite/-/caniuse-lite-1.0.30001515.tgz"
  integrity sha512-eEFDwUOZbE24sb+Ecsx3+OvNETqjWIdabMy52oOkIgcUtAsQifjUG9q4U9dgTHJM2mfk4uEPxc0+xuFdJ629QA==

caniuse-lite@^1.0.30001538:
  version "1.0.30001538"
  resolved "https://registry.yarnpkg.com/caniuse-lite/-/caniuse-lite-1.0.30001538.tgz#9dbc6b9af1ff06b5eb12350c2012b3af56744f3f"
  integrity sha512-HWJnhnID+0YMtGlzcp3T9drmBJUVDchPJ08tpUGFLs9CYlwWPH2uLgpHn8fND5pCgXVtnGS3H4QR9XLMHVNkHw==

client-only@0.0.1:
  version "0.0.1"
  resolved "https://registry.npmjs.org/client-only/-/client-only-0.0.1.tgz"
  integrity sha512-IV3Ou0jSMzZrd3pZ48nLkT9DA7Ag1pnPzaiQhpW7c3RbcqqzvzzVu+L8gfqMp/8IM2MQtSiqaCxrrcfu8I8rMA==

electron-to-chromium@^1.4.526:
  version "1.4.528"
  resolved "https://registry.yarnpkg.com/electron-to-chromium/-/electron-to-chromium-1.4.528.tgz#7c900fd73d9d2e8bb0dab0e301f25f0f4776ef2c"
  integrity sha512-UdREXMXzLkREF4jA8t89FQjA8WHI6ssP38PMY4/4KhXFQbtImnghh4GkCgrtiZwLKUKVD2iTVXvDVQjfomEQuA==

escalade@^3.1.1:
  version "3.1.1"
  resolved "https://registry.yarnpkg.com/escalade/-/escalade-3.1.1.tgz#d8cfdc7000965c5a0174b4a82eaa5c0552742e40"
  integrity sha512-k0er2gUkLf8O0zKJiAhmkTnJlTvINGv7ygDNPbeIsX/TJjGJZHuh9B2UxbsaEkmlEo9MfhrSzmhIlhRlI2GXnw==

fraction.js@^4.3.6:
  version "4.3.6"
  resolved "https://registry.yarnpkg.com/fraction.js/-/fraction.js-4.3.6.tgz#e9e3acec6c9a28cf7bc36cbe35eea4ceb2c5c92d"
  integrity sha512-n2aZ9tNfYDwaHhvFTkhFErqOMIb8uyzSQ+vGJBjZyanAKZVbGUQ1sngfk9FdkBw7G26O7AgNjLcecLffD1c7eg==

glob-to-regexp@^0.4.1:
  version "0.4.1"
  resolved "https://registry.npmjs.org/glob-to-regexp/-/glob-to-regexp-0.4.1.tgz"
  integrity sha512-lkX1HJXwyMcprw/5YUZc2s7DrpAiHB21/V+E1rHUrVNokkvB6bqMzT0VfV6/86ZNabt1k14YOIaT7nDvOX3Iiw==

graceful-fs@^4.1.2:
  version "4.2.8"
  resolved "https://registry.npmjs.org/graceful-fs/-/graceful-fs-4.2.8.tgz"
  integrity sha512-qkIilPUYcNhJpd33n0GBXTB1MMPp14TxEsEs0pTrsSVucApsYzW5V+Q8Qxhik6KU3evy+qkAAowTByymK0avdg==

"js-tokens@^3.0.0 || ^4.0.0":
  version "4.0.0"
  resolved "https://registry.npmjs.org/js-tokens/-/js-tokens-4.0.0.tgz"
  integrity sha512-RdJUflcE3cUzKiMqQgsCu06FPu9UdIJO0beYbPhHN4k6apgJtifcoCtT9bcxOpYBtpD2kCM6Sbzg4CausW/PKQ==

loose-envify@^1.1.0:
  version "1.4.0"
  resolved "https://registry.npmjs.org/loose-envify/-/loose-envify-1.4.0.tgz"
  integrity sha512-lyuxPGr/Wfhrlem2CL/UcnUc1zcqKAImBDzukY7Y5F/yQiNdko6+fRLevlw1HgMySw7f611UIY408EtxRSoK3Q==
  dependencies:
    js-tokens "^3.0.0 || ^4.0.0"

nanoid@^3.3.4:
  version "3.3.6"
  resolved "https://registry.npmjs.org/nanoid/-/nanoid-3.3.6.tgz"
  integrity sha512-BGcqMMJuToF7i1rt+2PWSNVnWIkGCU78jBG3RxO/bZlnZPK2Cmi2QaffxGO/2RvWi9sL+FAiRiXMgsyxQ1DIDA==

next@^13.4.9:
  version "13.4.9"
  resolved "https://registry.npmjs.org/next/-/next-13.4.9.tgz"
  integrity sha512-vtefFm/BWIi/eWOqf1GsmKG3cjKw1k3LjuefKRcL3iiLl3zWzFdPG3as6xtxrGO6gwTzzaO1ktL4oiHt/uvTjA==
  dependencies:
    "@next/env" "13.4.9"
    "@swc/helpers" "0.5.1"
    busboy "1.6.0"
    caniuse-lite "^1.0.30001406"
    postcss "8.4.14"
    styled-jsx "5.1.1"
    watchpack "2.4.0"
    zod "3.21.4"
  optionalDependencies:
    "@next/swc-darwin-arm64" "13.4.9"
    "@next/swc-darwin-x64" "13.4.9"
    "@next/swc-linux-arm64-gnu" "13.4.9"
    "@next/swc-linux-arm64-musl" "13.4.9"
    "@next/swc-linux-x64-gnu" "13.4.9"
    "@next/swc-linux-x64-musl" "13.4.9"
    "@next/swc-win32-arm64-msvc" "13.4.9"
    "@next/swc-win32-ia32-msvc" "13.4.9"
    "@next/swc-win32-x64-msvc" "13.4.9"

node-releases@^2.0.13:
  version "2.0.13"
  resolved "https://registry.yarnpkg.com/node-releases/-/node-releases-2.0.13.tgz#d5ed1627c23e3461e819b02e57b75e4899b1c81d"
  integrity sha512-uYr7J37ae/ORWdZeQ1xxMJe3NtdmqMC/JZK+geofDrkLUApKRHPd18/TxtBOJ4A0/+uUIliorNrfYV6s1b02eQ==

normalize-range@^0.1.2:
  version "0.1.2"
  resolved "https://registry.yarnpkg.com/normalize-range/-/normalize-range-0.1.2.tgz#2d10c06bdfd312ea9777695a4d28439456b75942"
  integrity sha512-bdok/XvKII3nUpklnV6P2hxtMNrCboOjAcyBuQnWEhO665FwrSNRxU+AqpsyvO6LgGYPspN+lu5CLtw4jPRKNA==

picocolors@^1.0.0:
  version "1.0.0"
  resolved "https://registry.npmjs.org/picocolors/-/picocolors-1.0.0.tgz"
  integrity sha512-1fygroTLlHu66zi26VoTDv8yRgm0Fccecssto+MhsZ0D/DGW2sm8E8AjW7NU5VVTRt5GxbeZ5qBuJr+HyLYkjQ==

postcss-value-parser@^4.2.0:
  version "4.2.0"
  resolved "https://registry.yarnpkg.com/postcss-value-parser/-/postcss-value-parser-4.2.0.tgz#723c09920836ba6d3e5af019f92bc0971c02e514"
  integrity sha512-1NNCs6uurfkVbeXG4S8JFT9t19m45ICnif8zWLd5oPSZ50QnwMfK+H3jv408d4jw/7Bttv5axS5IiHoLaVNHeQ==

postcss@8.4.14:
  version "8.4.14"
  resolved "https://registry.npmjs.org/postcss/-/postcss-8.4.14.tgz"
  integrity sha512-E398TUmfAYFPBSdzgeieK2Y1+1cpdxJx8yXbK/m57nRhKSmk1GB2tO4lbLBtlkfPQTDKfe4Xqv1ASWPpayPEig==
  dependencies:
    nanoid "^3.3.4"
    picocolors "^1.0.0"
    source-map-js "^1.0.2"

react-dom@^18.2.0:
  version "18.2.0"
  resolved "https://registry.npmjs.org/react-dom/-/react-dom-18.2.0.tgz"
  integrity sha512-6IMTriUmvsjHUjNtEDudZfuDQUoWXVxKHhlEGSk81n4YFS+r/Kl99wXiwlVXtPBtJenozv2P+hxDsw9eA7Xo6g==
  dependencies:
    loose-envify "^1.1.0"
    scheduler "^0.23.0"

react@^18.2.0:
  version "18.2.0"
  resolved "https://registry.npmjs.org/react/-/react-18.2.0.tgz"
  integrity sha512-/3IjMdb2L9QbBdWiW5e3P2/npwMBaU9mHCSCUzNln0ZCYbcfTsGbTJrU/kGemdH2IWmB2ioZ+zkxtmq6g09fGQ==
  dependencies:
    loose-envify "^1.1.0"

scheduler@^0.23.0:
  version "0.23.0"
  resolved "https://registry.npmjs.org/scheduler/-/scheduler-0.23.0.tgz"
  integrity sha512-CtuThmgHNg7zIZWAXi3AsyIzA3n4xx7aNyjwC2VJldO2LMVDhFK+63xGqq6CsJH4rTAt6/M+N4GhZiDYPx9eUw==
  dependencies:
    loose-envify "^1.1.0"

source-map-js@^1.0.2:
  version "1.0.2"
  resolved "https://registry.npmjs.org/source-map-js/-/source-map-js-1.0.2.tgz"
  integrity sha512-R0XvVJ9WusLiqTCEiGCmICCMplcCkIwwR11mOSD9CR5u+IXYdiseeEuXCVAjS54zqwkLcPNnmU4OeJ6tUrWhDw==

streamsearch@^1.1.0:
  version "1.1.0"
  resolved "https://registry.npmjs.org/streamsearch/-/streamsearch-1.1.0.tgz"
  integrity sha512-Mcc5wHehp9aXz1ax6bZUyY5afg9u2rv5cqQI3mRrYkGC8rW2hM02jWuwjtL++LS5qinSyhj2QfLyNsuc+VsExg==

styled-jsx@5.1.1:
  version "5.1.1"
  resolved "https://registry.npmjs.org/styled-jsx/-/styled-jsx-5.1.1.tgz"
  integrity sha512-pW7uC1l4mBZ8ugbiZrcIsiIvVx1UmTfw7UkC3Um2tmfUq9Bhk8IiyEIPl6F8agHgjzku6j0xQEZbfA5uSgSaCw==
  dependencies:
    client-only "0.0.1"

tslib@^2.4.0:
  version "2.6.0"
  resolved "https://registry.npmjs.org/tslib/-/tslib-2.6.0.tgz"
  integrity sha512-7At1WUettjcSRHXCyYtTselblcHl9PJFFVKiCAy/bY97+BPZXSQ2wbq0P9s8tK2G7dFQfNnlJnPAiArVBVBsfA==

update-browserslist-db@^1.0.13:
  version "1.0.13"
  resolved "https://registry.yarnpkg.com/update-browserslist-db/-/update-browserslist-db-1.0.13.tgz#3c5e4f5c083661bd38ef64b6328c26ed6c8248c4"
  integrity sha512-xebP81SNcPuNpPP3uzeW1NYXxI3rxyJzF3pD6sH4jE7o/IX+WtSpwnVU+qIsDPyk0d3hmFQ7mjqc6AtV604hbg==
  dependencies:
    escalade "^3.1.1"
    picocolors "^1.0.0"

watchpack@2.4.0:
  version "2.4.0"
  resolved "https://registry.npmjs.org/watchpack/-/watchpack-2.4.0.tgz"
  integrity sha512-Lcvm7MGST/4fup+ifyKi2hjyIAwcdI4HRgtvTpIUxBRhB+RFtUh8XtDOxUfctVCnhVi+QQj49i91OyvzkJl6cg==
  dependencies:
    glob-to-regexp "^0.4.1"
    graceful-fs "^4.1.2"

zod@3.21.4:
  version "3.21.4"
  resolved "https://registry.npmjs.org/zod/-/zod-3.21.4.tgz"
  integrity sha512-m46AKbrzKVzOzs/DZgVnG5H55N1sv1M8qZU3A8RIKbs3mrACDNeIOeilDymVb2HdmP8uwshOCF4uJ8uM9rCqJw==
